
Microsoft Visual Studio Solution File, Format Version 12.00
# Visual Studio 15
VisualStudioVersion = 15.0.27703.2026
MinimumVisualStudioVersion = 10.0.40219.1
Project("{FAE04EC0-301F-11D3-BF4B-00C04F79EFBC}") = "AssignmentApplication", "AssignmentApplication\AssignmentApplication.csproj", "{D8FD9DBF-221A-47FE-8AB9-8071E2E59B8C}"
EndProject
Project("{FAE04EC0-301F-11D3-BF4B-00C04F79EFBC}") = "AssignmentApplication.Tests", "AssignmentApplication.Tests\AssignmentApplication.Tests.csproj", "{F45F3EBF-701D-4C92-9DA2-0B2A7712C11B}"
EndProject
Project("{FAE04EC0-301F-11D3-BF4B-00C04F79EFBC}") = "CoreLayer", "CoreLayer\CoreLayer.csproj", "{58700E24-A287-4FDF-98DD-44CD8462E766}"
EndProject
Project("{FAE04EC0-301F-11D3-BF4B-00C04F79EFBC}") = "SampleConsoleApp", "SampleConsoleApp\SampleConsoleApp.csproj", "{86AC970F-0F33-4B68-B858-20D2294B6FE7}"
EndProject
Project("{FAE04EC0-301F-11D3-BF4B-00C04F79EFBC}") = "SelfHosted", "SelfHosted\SelfHosted.csproj", "{A21CB8D1-9E17-48C0-8290-605195D09CE7}"
EndProject
Global
	GlobalSection(SolutionConfigurationPlatforms) = preSolution
		Debug|Any CPU = Debug|Any CPU
		Release|Any CPU = Release|Any CPU
	EndGlobalSection
	GlobalSection(ProjectConfigurationPlatforms) = postSolution
		{D8FD9DBF-221A-47FE-8AB9-8071E2E59B8C}.Debug|Any CPU.ActiveCfg = Debug|Any CPU
		{D8FD9DBF-221A-47FE-8AB9-8071E2E59B8C}.Debug|Any CPU.Build.0 = Debug|Any CPU
		{D8FD9DBF-221A-47FE-8AB9-8071E2E59B8C}.Release|Any CPU.ActiveCfg = Release|Any CPU
		{D8FD9DBF-221A-47FE-8AB9-8071E2E59B8C}.Release|Any CPU.Build.0 = Release|Any CPU
		{F45F3EBF-701D-4C92-9DA2-0B2A7712C11B}.Debug|Any CPU.ActiveCfg = Debug|Any CPU
		{F45F3EBF-701D-4C92-9DA2-0B2A7712C11B}.Debug|Any CPU.Build.0 = Debug|Any CPU
		{F45F3EBF-701D-4C92-9DA2-0B2A7712C11B}.Release|Any CPU.ActiveCfg = Release|Any CPU
		{F45F3EBF-701D-4C92-9DA2-0B2A7712C11B}.Release|Any CPU.Build.0 = Release|Any CPU
		{58700E24-A287-4FDF-98DD-44CD8462E766}.Debug|Any CPU.ActiveCfg = Debug|Any CPU
		{58700E24-A287-4FDF-98DD-44CD8462E766}.Debug|Any CPU.Build.0 = Debug|Any CPU
		{58700E24-A287-4FDF-98DD-44CD8462E766}.Release|Any CPU.ActiveCfg = Release|Any CPU
		{58700E24-A287-4FDF-98DD-44CD8462E766}.Release|Any CPU.Build.0 = Release|Any CPU
		{86AC970F-0F33-4B68-B858-20D2294B6FE7}.Debug|Any CPU.ActiveCfg = Debug|Any CPU
		{86AC970F-0F33-4B68-B858-20D2294B6FE7}.Debug|Any CPU.Build.0 = Debug|Any CPU
		{86AC970F-0F33-4B68-B858-20D2294B6FE7}.Release|Any CPU.ActiveCfg = Release|Any CPU
		{86AC970F-0F33-4B68-B858-20D2294B6FE7}.Release|Any CPU.Build.0 = Release|Any CPU
		{A21CB8D1-9E17-48C0-8290-605195D09CE7}.Debug|Any CPU.ActiveCfg = Debug|Any CPU
		{A21CB8D1-9E17-48C0-8290-605195D09CE7}.Debug|Any CPU.Build.0 = Debug|Any CPU
		{A21CB8D1-9E17-48C0-8290-605195D09CE7}.Release|Any CPU.ActiveCfg = Release|Any CPU
		{A21CB8D1-9E17-48C0-8290-605195D09CE7}.Release|Any CPU.Build.0 = Release|Any CPU
	EndGlobalSection
	GlobalSection(SolutionProperties) = preSolution
		HideSolutionNode = FALSE
	EndGlobalSection
	GlobalSection(ExtensibilityGlobals) = postSolution
		SolutionGuid = {7BDEDED6-BC0F-4902-92C0-6C50241617EF}
	EndGlobalSection
EndGlobal
